
Microsoft Visual Studio Solution File, Format Version 12.00
# Visual Studio Version 17
VisualStudioVersion = 17.5.33414.496
MinimumVisualStudioVersion = 10.0.40219.1
Project("{8BC9CEB8-8B4A-11D0-8D11-00A0C91BC942}") = "GameApp", "..\GameApp\GameApp.vcxproj", "{06D118A1-FB4F-45E7-A1C7-31267CEDB9CC}"
EndProject
Project("{8BC9CEB8-8B4A-11D0-8D11-00A0C91BC942}") = "DoomStyleEngine", "DoomStyleEngine.vcxproj", "{9607BEE7-5160-40E7-9C1E-2CF0961CA29F}"
EndProject
Global
	GlobalSection(SolutionConfigurationPlatforms) = preSolution
		Debug|x64 = Debug|x64
		Debug|x86 = Debug|x86
		Release|x64 = Release|x64
		Release|x86 = Release|x86
	EndGlobalSection
	GlobalSection(ProjectConfigurationPlatforms) = postSolution
		{9607BEE7-5160-40E7-9C1E-2CF0961CA29F}.Debug|x64.ActiveCfg = Debug|x64
		{9607BEE7-5160-40E7-9C1E-2CF0961CA29F}.Debug|x64.Build.0 = Debug|x64
		{9607BEE7-5160-40E7-9C1E-2CF0961CA29F}.Debug|x86.ActiveCfg = Debug|Win32
		{9607BEE7-5160-40E7-9C1E-2CF0961CA29F}.Debug|x86.Build.0 = Debug|Win32
		{9607BEE7-5160-40E7-9C1E-2CF0961CA29F}.Release|x64.ActiveCfg = Release|x64
		{9607BEE7-5160-40E7-9C1E-2CF0961CA29F}.Release|x64.Build.0 = Release|x64
		{9607BEE7-5160-40E7-9C1E-2CF0961CA29F}.Release|x86.ActiveCfg = Release|Win32
		{9607BEE7-5160-40E7-9C1E-2CF0961CA29F}.Release|x86.Build.0 = Release|Win32
		{06D118A1-FB4F-45E7-A1C7-31267CEDB9CC}.Debug|x64.ActiveCfg = Debug|x64
		{06D118A1-FB4F-45E7-A1C7-31267CEDB9CC}.Debug|x64.Build.0 = Debug|x64
		{06D118A1-FB4F-45E7-A1C7-31267CEDB9CC}.Debug|x86.ActiveCfg = Debug|Win32
		{06D118A1-FB4F-45E7-A1C7-31267CEDB9CC}.Debug|x86.Build.0 = Debug|Win32
		{06D118A1-FB4F-45E7-A1C7-31267CEDB9CC}.Release|x64.ActiveCfg = Release|x64
		{06D118A1-FB4F-45E7-A1C7-31267CEDB9CC}.Release|x64.Build.0 = Release|x64
		{06D118A1-FB4F-45E7-A1C7-31267CEDB9CC}.Release|x86.ActiveCfg = Release|Win32
		{06D118A1-FB4F-45E7-A1C7-31267CEDB9CC}.Release|x86.Build.0 = Release|Win32
	EndGlobalSection
	GlobalSection(SolutionProperties) = preSolution
		HideSolutionNode = FALSE
	EndGlobalSection
	GlobalSection(ExtensibilityGlobals) = postSolution
		SolutionGuid = {744E8F83-2691-4338-AC2F-39AF591ADB68}
	EndGlobalSection
EndGlobal
